
Microsoft Visual Studio Solution File, Format Version 12.00
# Visual Studio Version 16
VisualStudioVersion = 16.0.30204.135
MinimumVisualStudioVersion = 10.0.40219.1
Project("{FAE04EC0-301F-11D3-BF4B-00C04F79EFBC}") = "LearnGitHub", "LearnGitHub\LearnGitHub.csproj", "{EA93CA9C-35BB-48FF-9D95-63E2223D91D8}"
EndProject
Global
	GlobalSection(SolutionConfigurationPlatforms) = preSolution
		Debug|Any CPU = Debug|Any CPU
		Release|Any CPU = Release|Any CPU
	EndGlobalSection
	GlobalSection(ProjectConfigurationPlatforms) = postSolution
		{EA93CA9C-35BB-48FF-9D95-63E2223D91D8}.Debug|Any CPU.ActiveCfg = Debug|Any CPU
		{EA93CA9C-35BB-48FF-9D95-63E2223D91D8}.Debug|Any CPU.Build.0 = Debug|Any CPU
		{EA93CA9C-35BB-48FF-9D95-63E2223D91D8}.Release|Any CPU.ActiveCfg = Release|Any CPU
		{EA93CA9C-35BB-48FF-9D95-63E2223D91D8}.Release|Any CPU.Build.0 = Release|Any CPU
	EndGlobalSection
	GlobalSection(SolutionProperties) = preSolution
		HideSolutionNode = FALSE
	EndGlobalSection
	GlobalSection(ExtensibilityGlobals) = postSolution
		SolutionGuid = {D490B69D-F0EA-4A7D-9DB2-5D422F483479}
	EndGlobalSection
EndGlobal
